cloud.google.com/go v0.26.0/go.mod h1:aQUYkXzVsufM+DwF1aE+0xfcU+56JwCaLick0ClmMTw=
cloud.google.com/go v0.105.0 h1:DNtEKRBAAzeS4KyIory52wWHuClNaXJ5x1F7xa4q+5Y=
cloud.google.com/go v0.105.0/go.mod h1:PrLgOJNe5nfE9UMxKxgXj4mD3voiP+YQ6gdt6KMFOKM=
cloud.google.com/go/compute v1.12.1 h1:gKVJMEyqV5c/UnpzjjQbo3Rjvvqpr9B1DFSbJC4OXr0=
cloud.google.com/go/compute v1.12.1/go.mod h1:e8yNOBcBONZU1vJKCvCoDw/4JQsA0dpM4x/6PIIOocU=
cloud.google.com/go/compute/metadata v0.2.1 h1:efOwf5ymceDhK6PKMnnrTHP4pppY5L22mle96M1yP48=
cloud.google.com/go/compute/metadata v0.2.1/go.mod h1:jgHgmJd2RKBGzXqF5LR2EZMGxBkeanZ9wwa75XHJgOM=
cloud.google.com/go/iam v0.7.0 h1:k4MuwOsS7zGJJ+QfZ5vBK8SgHBAvYN/23BWsiihJ1vs=
cloud.google.com/go/iam v0.7.0/go.mod h1:H5Br8wRaDGNc8XP3keLc4unfUUZeyH3Sfl9XpQEYOeg=
cloud.google.com/go/kms v1.6.0 h1:OWRZzrPmOZUzurjI2FBGtgY2mB1WaJkqhw6oIwSj0Yg=
cloud.google.com/go/longrunning v0.3.0 h1:NjljC+FYPV3uh5/OwWT6pVU+doBqMg2x/rZlE+CamDs=
cloud.google.com/go/monitoring v1.9.0 h1:O2A5HsrhvRMzD3OMUimPXF46vOzwc9vh6oGCGf9i/ws=
cloud.google.com/go/monitoring v1.9.0/go.mod h1:/FsTS0gkEFUc4cgB16s6jYDnyjzRBkRJNRzBn5Zx+wA=
cloud.google.com/go/pubsub v1.25.1 h1:l0wCNZKuEp2Q54wAy8283EV9O57+7biWOXnnU2/Tq/A=
cloud.google.com/go/pubsub v1.25.1/go.mod h1:bY6l7rF8kCcwz6V3RaQ6kK4p5g7qc7PqjRoE9wDOqOU=
github.com/Azure/azure-sdk-for-go/sdk/azcore v1.1.3 h1:8LoU8N2lIUzkmstvwXvVfniMZlFbesfT2AmA1aqvRr8=
github.com/Azure/azure-sdk-for-go/sdk/azcore v1.1.3/go.mod h1:uGG2W01BaETf0Ozp+QxxKJdMBNRWPdstHG0Fmdwn1/U=
github.com/Azure/azure-sdk-for-go/sdk/azidentity v1.1.0 h1:QkAcEIAKbNL4KoFr4SathZPhDhF4mVwpBMFlYjyAqy8=
github.com/Azure/azure-sdk-for-go/sdk/azidentity v1.1.0/go.mod h1:bhXu1AjYL+wutSL/kpSq6s7733q2Rb0yuot9Zgfqa/0=
github.com/Azure/azure-sdk-for-go/sdk/internal v1.0.1 h1:XUNQ4mw+zJmaA2KXzP9JlQiecy1SI+Eog7xVkPiqIbg=
github.com/Azure/azure-sdk-for-go/sdk/internal v1.0.1/go.mod h1:eWRD7oawr1Mu1sLCawqVc0CUiF43ia3qQMxLscsKQ9w=
github.com/Azure/azure-sdk-for-go/sdk/messaging/azservicebus v1.1.0 h1:ebO2jmZyctLSMBTvjsxZv/Ml3rGsvnJHUImVWotBl7I=
github.com/Azure/azure-sdk-for-go/sdk/messaging/azservicebus v1.1.0/go.mod h1:LH9XQnMr2ZYxQdVdCrzLO9mxeDyrDFa6wbSI3x5zCZk=
github.com/AzureAD/microsoft-authentication-library-for-go v0.7.0 h1:VgSJlZH5u0k2qxSpqyghcFQKmvYckj46uymKK5XzkBM=
github.com/AzureAD/microsoft-authentication-library-for-go v0.7.0/go.mod h1:BDJ5qMFKx9DugEg3+uQSDCdbYPr5s9vBTrL9P8TpqOU=
github.com/BurntSushi/toml v0.3.1/go.mod h1:xHWCNGjB5oqiDr8zfno3MHue2Ht5sIBksp03qcyfWMU=
github.com/DataDog/datadog-api-client-go/v2 v2.9.0 h1:1Cz3mqj95iqnQPykEovq2p52rrU26XvLC2Fz6hPE+TU=
github.com/DataDog/datadog-api-client-go/v2 v2.9.0/go.mod h1:sHt3EuVMN8PSYJu065qwp3pZxCwR3RZP4sJnYwj/ZQY=
github.com/DataDog/zstd v1.5.0 h1:+K/VEwIAaPcHiMtQvpLD4lqW7f0Gk3xdYZmI1hD+CXo=
github.com/DataDog/zstd v1.5.0/go.mod h1:g4AWEaM3yOg3HYfnJ3YIawPnVdXJh9QME85blwSAmyw=
github.com/alicebob/gopher-json v0.0.0-20200520072559-a9ecdc9d1d3a h1:HbKu58rmZpUGpz5+4FfNmIU+FmZg2P3Xaj2v2bfNWmk=
github.com/alicebob/gopher-json v0.0.0-20200520072559-a9ecdc9d1d3a/go.mod h1:SGnFV6hVsYE877CKEZ6tDNTjaSXYUk6QqoIK6PrAtcc=
github.com/alicebob/miniredis/v2 v2.23.0 h1:+lwAJYjvvdIVg6doFHuotFjueJ/7KY10xo/vm3X3Scw=
github.com/alicebob/miniredis/v2 v2.23.0/go.mod h1:XNqvJdQJv5mSuVMc0ynneafpnL/zv52acZ6kqeS0t88=
github.com/aws/aws-sdk-go-v2 v1.16.16/go.mod h1:SwiyXi/1zTUZ6KIAmLK5V5ll8SiURNUYOqTerZPaF9k=
github.com/aws/aws-sdk-go-v2 v1.17.1 h1:02c72fDJr87N8RAC2s3Qu0YuvMRZKNZJ9F+lAehCazk=
github.com/aws/aws-sdk-go-v2 v1.17.1/go.mod h1:JLnGeGONAyi2lWXI1p0PCIOIy333JMVK1U7Hf0aRFLw=
github.com/aws/aws-sdk-go-v2/config v1.17.7 h1:odVM52tFHhpqZBKNjVW5h+Zt1tKHbhdTQRb+0WHrNtw=
github.com/aws/aws-sdk-go-v2/config v1.17.7/go.mod h1:dN2gja/QXxFF15hQreyrqYhLBaQo1d9ZKe/v/uplQoI=
github.com/aws/aws-sdk-go-v2/credentials v1.12.20 h1:9+ZhlDY7N9dPnUmf7CDfW9In4sW5Ff3bh7oy4DzS1IE=
github.com/aws/aws-sdk-go-v2/credentials v1.12.20/go.mod h1:UKY5HyIux08bbNA7Blv4PcXQ8cTkGh7ghHMFklaviR4=
github.com/aws/aws-sdk-go-v2/feature/ec2/imds v1.12.17 h1:r08j4sbZu/RVi+BNxkBJwPMUYY3P8mgSDuKkZ/ZN1lE=
github.com/aws/aws-sdk-go-v2/feature/ec2/imds v1.12.17/go.mod h1:yIkQcCDYNsZfXpd5UX2Cy+sWA1jPgIhGTw9cOBzfVnQ=
github.com/aws/aws-sdk-go-v2/internal/configsources v1.1.23/go.mod h1:2DFxAQ9pfIRy0imBCJv+vZ2X6RKxves6fbnEuSry6b4=
github.com/aws/aws-sdk-go-v2/internal/configsources v1.1.25 h1:nBO/RFxeq/IS5G9Of+ZrgucRciie2qpLy++3UGZ+q2E=
github.com/aws/aws-sdk-go-v2/internal/configsources v1.1.25/go.mod h1:Zb29PYkf42vVYQY6pvSyJCJcFHlPIiY+YKdPtwnvMkY=
github.com/aws/aws-sdk-go-v2/internal/endpoints/v2 v2.4.17/go.mod h1:pRwaTYCJemADaqCbUAxltMoHKata7hmB5PjEXeu0kfg=
github.com/aws/aws-sdk-go-v2/internal/endpoints/v2 v2.4.19 h1:oRHDrwCTVT8ZXi4sr9Ld+EXk7N/KGssOr2ygNeojEhw=
github.com/aws/aws-sdk-go-v2/internal/endpoints/v2 v2.4.19/go.mod h1:6Q0546uHDp421okhmmGfbxzq2hBqbXFNpi4k+Q1JnQA=
github.com/aws/aws-sdk-go-v2/internal/ini v1.3.24 h1:wj5Rwc05hvUSvKuOF29IYb9QrCLjU+rHAy/x/o0DK2c=
github.com/aws/aws-sdk-go-v2/internal/ini v1.3.24/go.mod h1:jULHjqqjDlbyTa7pfM7WICATnOv+iOhjletM3N0Xbu8=
github.com/aws/aws-sdk-go-v2/service/cloudwatch v1.21.9 h1:VYw5BFEsaVtin6XBCyjG9faZJfMcoXx2ra/a3WiiiVo=
github.com/aws/aws-sdk-go-v2/service/cloudwatch v1.21.9/go.mod h1:b2EPXU2jyxD7StcbEemizK7A5wYYDKhdp6zpSUKUjJ0=
github.com/aws/aws-sdk-go-v2/service/internal/presigned-url v1.9.17 h1:Jrd/oMh0PKQc6+BowB+pLEwLIgaQF29eYbe7E1Av9Ug=
github.com/aws/aws-sdk-go-v2/service/internal/presigned-url v1.9.17/go.mod h1:4nYOrY41Lrbk2170/BGkcJKBhws9Pfn8MG3aGqjjeFI=
github.com/aws/aws-sdk-go-v2/service/sns v1.18.1 h1:nxfBH9r3VUyybIOWdbIBJ/d5I1wdG7FwIoZ/BH/EhS8=
github.com/aws/aws-sdk-go-v2/service/sns v1.18.1/go.mod h1:sIIc12m8ASRbCgOERccSSkTFeekFfHKEM4TKAvzJpG0=
github.com/aws/aws-sdk-go-v2/service/sqs v1.19.10 h1:Y4civ9pg5cbQkSf/YGMfFZaIPAAAK61JV+NIzO8Ri4k=
github.com/aws/aws-sdk-go-v2/service/sqs v1.19.10/go.mod h1:65Z/rmGw/6usiOFI0Tk4ddNUmPbjjPER1WLZwnFqxFM=
github.com/aws/aws-sdk-go-v2/service/sso v1.11.23 h1:pwvCchFUEnlceKIgPUouBJwK81aCkQ8UDMORfeFtW10=
github.com/aws/aws-sdk-go-v2/service/sso v1.11.23/go.mod h1:/w0eg9IhFGjGyyncHIQrXtU8wvNsTJOP0R6PPj0wf80=
github.com/aws/aws-sdk-go-v2/service/ssooidc v1.13.5 h1:GUnZ62TevLqIoDyHeiWj2P7EqaosgakBKVvWriIdLQY=
github.com/aws/aws-sdk-go-v2/service/ssooidc v1.13.5/go.mod h1:csZuQY65DAdFBt1oIjO5hhBR49kQqop4+lcuCjf2arA=
github.com/aws/aws-sdk-go-v2/service/sts v1.16.19 h1:9pPi0PsFNAGILFfPCk8Y0iyEBGc6lu6OQ97U7hmdesg=
github.com/aws/aws-sdk-go-v2/service/sts v1.16.19/go.mod h1:h4J3oPZQbxLhzGnk+j9dfYHi5qIOVJ5kczZd658/ydM=
github.com/aws/smithy-go v1.13.3/go.mod h1:Tg+OJXh4MB2R/uN61Ko2f6hTZwB/ZYGOtib8J3gBHzA=
github.com/aws/smithy-go v1.13.4 h1:/RN2z1txIJWeXeOkzX+Hk/4Uuvv7dWtCjbmVJcrskyk=
github.com/aws/smithy-go v1.13.4/go.mod h1:Tg+OJXh4MB2R/uN61Ko2f6hTZwB/ZYGOtib8J3gBHzA=
github.com/benbjohnson/clock v1.3.0 h1:ip6w0uFQkncKQ979AypyG0ER7mqUSBdKLOgAle/AT8A=
github.com/benbjohnson/clock v1.3.0/go.mod h1:J11/hYXuz8f4ySSvYwY0FKfm+ezbsZBKZxNJlLklBHA=
github.com/census-instrumentation/opencensus-proto v0.2.1/go.mod h1:f6KPmirojxKA12rnyqOA5BBL4O983OfeGPqjHWSTneU=
github.com/cespare/xxhash/v2 v2.1.2 h1:YRXhKfTDauu4ajMg1TPgFO5jnlC2HCbmLXMcTG5cbYE=
github.com/cespare/xxhash/v2 v2.1.2/go.mod h1:VGX0DQ3Q6kWi7AoAeZDth3/j3BFtOZR5XLFGgcrjCOs=
github.com/chzyer/logex v1.1.10/go.mod h1:+Ywpsq7O8HXn0nuIou7OrIPyXbp3wmkHB+jjWRnGsAI=
github.com/chzyer/readline v0.0.0-20180603132655-2972be24d48e/go.mod h1:nSuG5e5PlCu98SY8svDHJxuZscDgtXS6KTTbou5AhLI=
github.com/chzyer/test v0.0.0-20180213035817-a1ea475d72b1/go.mod h1:Q3SI9o4m/ZMnBNeIyt5eFwwo7qiLfzFZmjNmxjkiQlU=
github.com/client9/misspell v0.3.4/go.mod h1:qj6jICC3Q7zFZvVWo7KLAzC3yx5G7kyvSDkc90ppPyw=
github.com/cncf/udpa/go v0.0.0-20191209042840-269d4d468f6f/go.mod h1:M8M6+tZqaGXZJjfX53e64911xZQV5JYwmTeXPW+k8Sc=
github.com/coreos/go-systemd/v22 v22.3.3-0.20220203105225-a9a7ef127534/go.mod h1:Y58oyj3AT4RCenI/lSvhwexgC+NSVTIJ3seZv2GcEnc=
github.com/creack/pty v1.1.9/go.mod h1:oKZEueFk5CKHvIhNR5MUki03XCEU+Q6VDXinZuGJ33E=
github.com/davecgh/go-spew v1.1.0/go.mod h1:J7Y8YcW2NihsgmVo/mv3lAwl/skON4iLHjSsI+c5H38=
github.com/davecgh/go-spew v1.1.1 h1:vj9j/u1bqnvCEfJOwUhtlOARqs3+rkHYY13jYWTU97c=
github.com/davecgh/go-spew v1.1.1/go.mod h1:J7Y8YcW2NihsgmVo/mv3lAwl/skON4iLHjSsI+c5H38=
github.com/dgryski/go-rendezvous v0.0.0-20200823014737-9f7001d12a5f h1:lO4WD4F/rVNCu3HqELle0jiPLLBs70cWOduZpkS1E78=
github.com/dgryski/go-rendezvous v0.0.0-20200823014737-9f7001d12a5f/go.mod h1:cuUVRXasLTGF7a8hSLbxyZXjz+1KgoB3wDUb6vlszIc=
github.com/dnaeon/go-vcr v1.1.0 h1:ReYa/UBrRyQdant9B4fNHGoCNKw6qh6P0fsdGmZpR7c=
github.com/envoyproxy/go-control-plane v0.9.0/go.mod h1:YTl/9mNaCwkRvm6d1a2C3ymFceY/DCBVvsKhRF0iEA4=
github.com/envoyproxy/go-control-plane v0.9.1-0.20191026205805-5f8ba28d4473/go.mod h1:YTl/9mNaCwkRvm6d1a2C3ymFceY/DCBVvsKhRF0iEA4=
github.com/envoyproxy/go-control-plane v0.9.4/go.mod h1:6rpuAdCZL397s3pYoYcLgu1mIlRU8Am5FuJP05cCM98=
github.com/envoyproxy/protoc-gen-validate v0.1.0/go.mod h1:iSmxcyjqTsJpI2R4NaDN7+kN2VEUnK/pcBlmesArF7c=
github.com/felixge/httpsnoop v1.0.3 h1:s/nj+GCswXYzN5v2DpNMuMQYe+0DDwt5WVCU6CWBdXk=
github.com/felixge/httpsnoop v1.0.3/go.mod h1:m8KPJKqk1gH5J9DgRY2ASl2lWCfGKXixSwevea8zH2U=
github.com/frankban/quicktest v1.14.5 h1:dfYrrRyLtiqT9GyKXgdh+k4inNeTvmGbuSgZ3lx3GhA=
github.com/frankban/quicktest v1.14.5/go.mod h1:4ptaffx2x8+WTWXmUCuVU6aPUX1/Mz7zb5vbUoiM6w0=
github.com/fsnotify/fsnotify v1.4.9 h1:hsms1Qyu0jgnwNXIxa+/V/PDsU6CfLf6CNO8H7IWoS4=
github.com/go-redis/redis/v8 v8.11.5 h1:AcZZR7igkdvfVmQTPnu9WE37LRrO/YrBH5zWyjDC0oI=
github.com/go-redis/redis/v8 v8.11.5/go.mod h1:gREzHqY1hg6oD9ngVRbLStwAWKhA0FEgq8Jd4h5lpwo=
github.com/godbus/dbus/v5 v5.0.4/go.mod h1:xhWf0FNVPg57R7Z0UbKHbJfkEywrmjJnf7w5xrFpKfA=
github.com/golang-jwt/jwt/v4 v4.4.2 h1:rcc4lwaZgFMCZ5jxF9ABolDcIHdBytAFgqFPbSJQAYs=
github.com/golang-jwt/jwt/v4 v4.4.2/go.mod h1:m21LjoU+eqJr34lmDMbreY2eSTRJ1cv77w39/MY0Ch0=
github.com/golang/glog v0.0.0-20160126235308-23def4e6c14b/go.mod h1:SBH7ygxi8pfUlaOkMMuAQtPIUF8ecWP5IEl/CR7VP2Q=
github.com/golang/groupcache v0.0.0-20200121045136-8c9f03a8e57e/go.mod h1:cIg4eruTrX1D+g88fzRXU5OdNfaM+9IcxsU14FzY7Hc=
github.com/golang/groupcache v0.0.0-20210331224755-41bb18bfe9da h1:oI5xCqsCo564l8iNU+DwB5epxmsaqB+rhGL0m5jtYqE=
github.com/golang/groupcache v0.0.0-20210331224755-41bb18bfe9da/go.mod h1:cIg4eruTrX1D+g88fzRXU5OdNfaM+9IcxsU14FzY7Hc=
github.com/golang/mock v1.1.1/go.mod h1:oTYuIxOrZwtPieC+H1uAHpcLFnEyAGVDL/k47Jfbm0A=
github.com/golang/mock v1.6.0 h1:ErTB+efbowRARo13NNdxyJji2egdxLGQhRaY+DUumQc=
github.com/golang/mock v1.6.0/go.mod h1:p6yTPP+5HYm5mzsMV8JkE6ZKdX+/wYM6Hr+LicevLPs=
github.com/golang/protobuf v1.2.0/go.mod h1:6lQm79b+lXiMfvg/cZm0SGofjICqVBUtrP5yJMmIC1U=
github.com/golang/protobuf v1.3.1/go.mod h1:6lQm79b+lXiMfvg/cZm0SGofjICqVBUtrP5yJMmIC1U=
github.com/golang/protobuf v1.3.2/go.mod h1:6lQm79b+lXiMfvg/cZm0SGofjICqVBUtrP5yJMmIC1U=
github.com/golang/protobuf v1.4.0-rc.1/go.mod h1:ceaxUfeHdC40wWswd/P6IGgMaK3YpKi5j83Wpe3EHw8=
github.com/golang/protobuf v1.4.0-rc.1.0.20200221234624-67d41d38c208/go.mod h1:xKAWHe0F5eneWXFV3EuXVDTCmh+JuBKY0li0aMyXATA=
github.com/golang/protobuf v1.4.0-rc.2/go.mod h1:LlEzMj4AhA7rCAGe4KMBDvJI+AwstrUpVNzEA03Pprs=
github.com/golang/protobuf v1.4.0-rc.4.0.20200313231945-b860323f09d0/go.mod h1:WU3c8KckQ9AFe+yFwt9sWVRKCVIyN9cPHBJSNnbL67w=
github.com/golang/protobuf v1.4.0/go.mod h1:jodUvKwWbYaEsadDk5Fwe5c77LiNKVO9IDvqG2KuDX0=
github.com/golang/protobuf v1.4.1/go.mod h1:U8fpvMrcmy5pZrNK1lt4xCsGvpyWQ/VVv6QDs8UjoX8=
github.com/golang/protobuf v1.4.3/go.mod h1:oDoupMAO8OvCJWAcko0GGGIgR6R6ocIYbsSw735rRwI=
github.com/golang/protobuf v1.5.0/go.mod h1:FsONVRAS9T7sI+LIUmWTfcYkHO4aIWwzhcaSAoJOfIk=
github.com/golang/protobuf v1.5.2 h1:ROPKBNFfQgOUMifHyP+KYbvpjbdoFNs+aK7DXlji0Tw=
github.com/golang/protobuf v1.5.2/go.mod h1:XVQd3VNwM+JqD3oG2Ue2ip4fOMUkwXdXDdiuN0vRsmY=
github.com/golang/snappy v0.0.1/go.mod h1:/XxbfmMg8lxefKM7IXC3fBNl/7bRcc72aCRzEWrmP2Q=
github.com/golang/snappy v0.0.4 h1:yAGX7huGHXlcLOEtBnF4w7FQwA26wojNCwOYAEhLjQM=
github.com/golang/snappy v0.0.4/go.mod h1:/XxbfmMg8lxefKM7IXC3fBNl/7bRcc72aCRzEWrmP2Q=
github.com/google/go-cmp v0.2.0/go.mod h1:oXzfMopK8JAjlY9xF4vHSVASa0yLyX7SntLO5aqRK0M=
github.com/google/go-cmp v0.3.0/go.mod h1:8QqcDgzrUqlUb/G2PQTWiueGozuR1884gddMywk6iLU=
github.com/google/go-cmp v0.3.1/go.mod h1:8QqcDgzrUqlUb/G2PQTWiueGozuR1884gddMywk6iLU=
github.com/google/go-cmp v0.4.0/go.mod h1:v8dTdLbMG2kIc/vJvl+f65V22dbkXbowE6jgT/gNBxE=
github.com/google/go-cmp v0.5.0/go.mod h1:v8dTdLbMG2kIc/vJvl+f65V22dbkXbowE6jgT/gNBxE=
github.com/google/go-cmp v0.5.3/go.mod h1:v8dTdLbMG2kIc/vJvl+f65V22dbkXbowE6jgT/gNBxE=
github.com/google/go-cmp v0.5.5/go.mod h1:v8dTdLbMG2kIc/vJvl+f65V22dbkXbowE6jgT/gNBxE=
github.com/google/go-cmp v0.5.8/go.mod h1:17dUlkBOakJ0+DkrSSNjCkIjxS6bF9zb3elmeNGIjoY=
github.com/google/go-cmp v0.5.9 h1:O2Tfq5qg4qc4AmwVlvv0oLiVAGB7enBSJ2x2DqQFi38=
github.com/google/go-cmp v0.5.9/go.mod h1:17dUlkBOakJ0+DkrSSNjCkIjxS6bF9zb3elmeNGIjoY=
github.com/google/gofuzz v1.0.0/go.mod h1:dBl0BpW6vV/+mYPU4Po3pmUjxk6FQPldtuIdl/M65Eg=
github.com/google/uuid v1.1.2/go.mod h1:TIyPZe4MgqvfeYDBFedMoGGpEw/LqOeaOT+nhxU+yHo=
github.com/google/uuid v1.3.0 h1:t6JiXgmwXMjEs8VusXIJk2BXHsn+wx8BZdTaoZ5fu7I=
github.com/google/uuid v1.3.0/go.mod h1:TIyPZe4MgqvfeYDBFedMoGGpEw/LqOeaOT+nhxU+yHo=
github.com/googleapis/enterprise-certificate-proxy v0.2.0 h1:y8Yozv7SZtlU//QXbezB6QkpuE6jMD2/gfzk4AftXjs=
github.com/googleapis/enterprise-certificate-proxy v0.2.0/go.mod h1:8C0jb7/mgJe/9KK8Lm7X9ctZC2t60YyIpYEI16jx0Qg=
github.com/googleapis/gax-go/v2 v2.7.0 h1:IcsPKeInNvYi7eqSaDjiZqDDKu5rsmunY0Y1YupQSSQ=
github.com/googleapis/gax-go/v2 v2.7.0/go.mod h1:TEop28CZZQ2y+c0VxMUmu1lV+fQx57QpBWsYpwqHJx8=
github.com/hashicorp/yamux v0.1.1 h1:yrQxtgseBDrq9Y652vSRDvsKCJKOUD+GzTS4Y0Y8pvE=
github.com/hashicorp/yamux v0.1.1/go.mod h1:CtWFDAQgb7dxtzFs4tWbplKIe2jSi3+5vKbgIO0SLnQ=
github.com/jackc/pgpassfile v1.0.0 h1:/6Hmqy13Ss2zCq62VdNG8tM1wchn8zjSGOBJ6icpsIM=
github.com/jackc/pgpassfile v1.0.0/go.mod h1:CEx0iS5ambNFdcRtxPj5JhEz+xB6uRky5eyVu/W2HEg=
github.com/jackc/pgservicefile v0.0.0-20200714003250-2b9c44734f2b h1:C8S2+VttkHFdOOCXJe+YGfa4vHYwlt4Zx+IVXQ97jYg=
github.com/jackc/pgservicefile v0.0.0-20200714003250-2b9c44734f2b/go.mod h1:vsD4gTJCa9TptPL8sPkXrLZ+hDuNrZCnj29CQpr4X1E=
github.com/jackc/pgx/v5 v5.2.1-0.20221221235442-d737852654f5 h1:AtT3bMCB39Dqw25THFs/43AKyRV2D0KMODEVH+BgK0w=
github.com/jackc/pgx/v5 v5.2.1-0.20221221235442-d737852654f5/go.mod h1:Ptn7zmohNsWEsdxRawMzk3gaKma2obW+NWTnKa0S4nk=
github.com/jackc/puddle/v2 v2.1.2 h1:0f7vaaXINONKTsxYDn4otOAiJanX/BMeAtY//BXqzlg=
github.com/jackc/puddle/v2 v2.1.2/go.mod h1:2lpufsF5mRHO6SuZkm0fNYxM6SWHfvyFj62KwNzgels=
github.com/jmespath/go-jmespath v0.4.0 h1:BEgLn5cpjn8UN1mAw4NjwDrS35OdebyEtFe+9YPoQUg=
github.com/jmespath/go-jmespath v0.4.0/go.mod h1:T8mJZnbsbmF+m6zOOFylbeCJqk5+pHWvzYPziyZiYoo=
github.com/jmespath/go-jmespath/internal/testify v1.5.1 h1:shLQSRRSCCPj3f2gpwzGwWFoC7ycTf1rcQZHOlsJ6N8=
github.com/jmespath/go-jmespath/internal/testify v1.5.1/go.mod h1:L3OGu8Wl2/fWfCI6z80xFu9LTZmf1ZRjMHUOPmWr69U=
github.com/joho/godotenv v1.3.0 h1:Zjp+RcGpHhGlrMbJzXTrZZPrWj+1vfm90La1wgB6Bhc=
github.com/json-iterator/go v1.1.12 h1:PV8peI4a0ysnczrg+LtxykD8LfKY9ML6u2jnxaEnrnM=
github.com/json-iterator/go v1.1.12/go.mod h1:e30LSqwooZae/UwlEbR2852Gd8hjQvJoHmT4TnhNGBo=
github.com/julienschmidt/httprouter v1.3.0 h1:U0609e9tgbseu3rBINet9P48AI/D3oJs4dN7jwJOQ1U=
github.com/julienschmidt/httprouter v1.3.0/go.mod h1:JR6WtHb+2LUe8TCKY3cZOxFyyO8IZAc4RVcycCCAKdM=
github.com/klauspost/compress v1.10.3 h1:OP96hzwJVBIHYU52pVTI6CczrxPvrGfgqF9N5eTO0Q8=
github.com/kr/pretty v0.3.1 h1:flRD4NNwYAUpkphVc1HcthR4KEIFJ65n8Mw5qdRn3LE=
github.com/kr/pretty v0.3.1/go.mod h1:hoEshYVHaxMs3cyo3Yncou5ZscifuDolrwPKZanG3xk=
github.com/kr/text v0.2.0 h1:5Nx0Ya0ZqY2ygV366QzturHI13Jq95ApcVaJBhpS+AY=
github.com/kr/text v0.2.0/go.mod h1:eLer722TekiGuMkidMxC/pM04lWEeraHUUmBw8l2grE=
github.com/kylelemons/godebug v1.1.0 h1:RPNrshWIDI6G2gRW9EHilWtl7Z6Sb1BR0xunSBf0SNc=
github.com/kylelemons/godebug v1.1.0/go.mod h1:9/0rRGxNHcop5bhtWyNeEfOS8JIWk580+fNqagV/RAw=
github.com/mattn/go-colorable v0.1.12/go.mod h1:u5H1YNBxpqRaxsYJYSkiCWKzEfiAb1Gb520KVy5xxl4=
github.com/mattn/go-colorable v0.1.13 h1:fFA4WZxdEF4tXPZVKMLwD8oUnCTTo08duU7wxecdEvA=
github.com/mattn/go-colorable v0.1.13/go.mod h1:7S9/ev0klgBDR4GtXTXX8a3vIGJpMovkB8vQcUbaXHg=
github.com/mattn/go-isatty v0.0.14/go.mod h1:7GGIvUiUoEMVVmxf/4nioHXj79iQHKdU27kJ6hsGG94=
github.com/mattn/go-isatty v0.0.16 h1:bq3VjFmv/sOjHtdEhmkEV4x1AJtvUvOJ2PFAZ5+peKQ=
github.com/mattn/go-isatty v0.0.16/go.mod h1:kYGgaQfpe5nmfYZH+SKPsOc2e4SrIfOl2e/yFXSvRLM=
github.com/modern-go/concurrent v0.0.0-20180228061459-e0a39a4cb421/go.mod h1:6dJC0mAP4ikYIbvyc7fijjWJddQyLn8Ig3JB5CqoB9Q=
github.com/modern-go/concurrent v0.0.0-20180306012644-bacd9c7ef1dd h1:TRLaZ9cD/w8PVh93nsPXa1VrQ6jlwL5oN8l14QlcNfg=
github.com/modern-go/concurrent v0.0.0-20180306012644-bacd9c7ef1dd/go.mod h1:6dJC0mAP4ikYIbvyc7fijjWJddQyLn8Ig3JB5CqoB9Q=
github.com/modern-go/reflect2 v1.0.2 h1:xBagoLtFs94CBntxluKeaWgTMpvLxC4ur3nMaC9Gz0M=
github.com/modern-go/reflect2 v1.0.2/go.mod h1:yWuevngMOJpCy52FWWMvUC8ws7m/LJsjYzDa0/r8luk=
github.com/nsqio/go-nsq v1.1.0 h1:PQg+xxiUjA7V+TLdXw7nVrJ5Jbl3sN86EhGCQj4+FYE=
github.com/nsqio/go-nsq v1.1.0/go.mod h1:vKq36oyeVXgsS5Q8YEO7WghqidAVXQlcFxzQbQTuDEY=
github.com/nxadm/tail v1.4.8 h1:nPr65rt6Y5JFSKQO7qToXr7pePgD6Gwiw05lkbyAQTE=
github.com/onsi/ginkgo v1.16.5 h1:8xi0RTUf59SOSfEtZMvwTvXYMzG4gV23XVHOZiXNtnE=
github.com/onsi/gomega v1.18.1 h1:M1GfJqGRrBrrGGsbxzV5dqM2U2ApXefZCQpkukxYRLE=
github.com/pkg/browser v0.0.0-20210911075715-681adbf594b8 h1:KoWmjvw+nsYOo29YJK9vDA65RGE3NrOnUtO7a+RF9HU=
github.com/pkg/browser v0.0.0-20210911075715-681adbf594b8/go.mod h1:HKlIX3XHQyzLZPlr7++PzdhaXEj94dEiJgZDTsxEqUI=
github.com/pkg/diff v0.0.0-20210226163009-20ebb0f2a09e/go.mod h1:pJLUxLENpZxwdsKMEsNbx1VGcRFpLqf3715MtcvvzbA=
github.com/pkg/errors v0.9.1/go.mod h1:bwawxfHBFNV+L2hUp1rHADufV3IMtnDRdf1r5NINEl0=
github.com/pmezard/go-difflib v1.0.0 h1:4DBwDE0NGyQoBHbLQYPwSUPoCMWR5BEzIk/f1lZbAQM=
github.com/pmezard/go-difflib v1.0.0/go.mod h1:iKH77koFhYxTK1pcRnkKkqfTogsbg7gZNVY4sRDYZ/4=
github.com/prometheus/client_model v0.0.0-20190812154241-14fe0d1b01d4/go.mod h1:xMI15A0UPsDsEKsMN9yxemIoYk6Tm2C1GtYGdfGttqA=
github.com/rogpeppe/go-internal v1.9.0 h1:73kH8U+JUqXU8lRuOHeVHaa/SZPifC7BkcraZVejAe8=
github.com/rogpeppe/go-internal v1.9.0/go.mod h1:WtVeX8xhTBvf0smdhujwtBcq4Qrzq/fJaraNFVN+nFs=
github.com/rs/cors v1.8.3-0.20221003140808-fcebdb403f4d h1:gNEXs+4IbftZmT6WnAJbBWgbPrjDjqaMfuNeKODqBhc=
github.com/rs/cors v1.8.3-0.20221003140808-fcebdb403f4d/go.mod h1:XyqrcTp5zjWr1wsJ8PIRZssZ8b/WMcMf71DJnit4EMU=
github.com/rs/xid v1.4.0/go.mod h1:trrq9SKmegXys3aeAKXMUTdJsYXVwGY3RLcfgqegfbg=
github.com/rs/zerolog v1.28.0 h1:MirSo27VyNi7RJYP3078AA1+Cyzd2GB66qy3aUHvsWY=
github.com/rs/zerolog v1.28.0/go.mod h1:NILgTygv/Uej1ra5XxGf82ZFSLk58MFGAUS2o6usyD0=
github.com/stretchr/objx v0.1.0/go.mod h1:HFkY916IF+rwdDfMAkV7OtwuqBVzrE8GR6GFx+wExME=
github.com/stretchr/testify v1.3.0/go.mod h1:M5WIy9Dh21IEIfnGCwXGc5bZfKNJtfHm1UVUgZn+9EI=
github.com/stretchr/testify v1.5.1/go.mod h1:5W2xD1RspED5o8YsWQXVCued0rvSQ+mT+I5cxcmMvtA=
github.com/stretchr/testify v1.6.1/go.mod h1:6Fq8oRcR53rry900zMqJjRRixrwX3KX962/h/Wwjteg=
github.com/stretchr/testify v1.8.0 h1:pSgiaMZlXftHpm5L7V1+rVB+AZJydKsMxsQBIJw4PKk=
github.com/yuin/goldmark v1.3.5/go.mod h1:mwnBkeHKe2W/ZEtQ+71ViKU8L12m81fl3OWwC1Zlc8k=
github.com/yuin/gopher-lua v0.0.0-20210529063254-f4c35e4016d9/go.mod h1:E1AXubJBdNmFERAOucpDIxNzeGfLzg0mYh+UfMWdChA=
github.com/yuin/gopher-lua v0.0.0-20220504180219-658193537a64 h1:5mLPGnFdSsevFRFc9q3yYbBkB6tsm4aCwwQV/j1JQAQ=
github.com/yuin/gopher-lua v0.0.0-20220504180219-658193537a64/go.mod h1:GBR0iDaNXjAgGg9zfCvksxSRnQx76gclCIb7kdAd1Pw=
go.opencensus.io v0.23.0 h1:gqCw0LfLxScz8irSi8exQc7fyQ0fKQU/qnC/X8+V/1M=
go.opencensus.io v0.23.0/go.mod h1:XItmlyltB5F7CS4xOC1DcqMoFqwtC6OG2xF7mCv7P7E=
go.uber.org/atomic v1.10.0 h1:9qC72Qh0+3MqyJbAn8YU5xVq1frD8bn3JtD2oXtafVQ=
go.uber.org/atomic v1.10.0/go.mod h1:LUxbIzbOniOlMKjJjyPfpl4v+PKK2cNJn91OQbhoJI0=
golang.org/x/crypto v0.0.0-20190308221718-c2843e01d9a2/go.mod h1:djNgcEr1/C05ACkg1iLfiJU5Ep61QUkGW8qpdssI0+w=
golang.org/x/crypto v0.0.0-20191011191535-87dc89f01550/go.mod h1:yigFU9vqHzYiE8UmvKecakEJjdnWj3jj499lnFckfCI=
golang.org/x/crypto v0.0.0-20200622213623-75b288015ac9/go.mod h1:LzIPMQfyMNhhGPhUkYOs5KpL4U8rLKemX1yGLhDgUto=
golang.org/x/crypto v0.1.0 h1:MDRAIl0xIo9Io2xV565hzXHw3zVseKrJKodhohM5CjU=
golang.org/x/crypto v0.1.0/go.mod h1:RecgLatLF4+eUMCP1PoPZQb+cVrJcOPbHkTkbkB9sbw=
golang.org/x/exp v0.0.0-20190121172915-509febef88a4/go.mod h1:CJ0aWSM057203Lf6IL+f9T1iT9GByDxfZKAQTCR3kQA=
golang.org/x/exp v0.0.0-20221031165847-c99f073a8326 h1:QfTh0HpN6hlw6D3vu8DAwC8pBIwikq0AI1evdm+FksE=
golang.org/x/exp v0.0.0-20221031165847-c99f073a8326/go.mod h1:CxIveKay+FTh1D0yPZemJVgC/95VzuuOLq5Qi4xnoYc=
golang.org/x/lint v0.0.0-20181026193005-c67002cb31c3/go.mod h1:UVdnD1Gm6xHRNCYTkRU2/jEulfH38KcIWyp/GAMgvoE=
golang.org/x/lint v0.0.0-20190227174305-5b3e6a55c961/go.mod h1:wehouNa3lNwaWXcvxsM5YxQ5yQlVC4a0KAMCusXpPoU=
golang.org/x/lint v0.0.0-20190313153728-d0100b6bd8b3/go.mod h1:6SW0HCj/g11FgYtHlgUYUwCkIfeOF89ocIRzGO/8vkc=
golang.org/x/mod v0.4.2/go.mod h1:s0Qsj1ACt9ePp/hMypM3fl4fZqREWJwdYDEqhRiZZUA=
golang.org/x/net v0.0.0-20180724234803-3673e40ba225/go.mod h1:mL1N/T3taQHkDXs73rZJwtUhF3w3ftmwwsq0BUmARs4=
golang.org/x/net v0.0.0-20180826012351-8a410e7b638d/go.mod h1:mL1N/T3taQHkDXs73rZJwtUhF3w3ftmwwsq0BUmARs4=
golang.org/x/net v0.0.0-20190213061140-3a22650c66bd/go.mod h1:mL1N/T3taQHkDXs73rZJwtUhF3w3ftmwwsq0BUmARs4=
golang.org/x/net v0.0.0-20190311183353-d8887717615a/go.mod h1:t9HGtf8HONx5eT2rtn7q6eTqICYqUVnKs3thJo3Qplg=
golang.org/x/net v0.0.0-20190404232315-eb5bcb51f2a3/go.mod h1:t9HGtf8HONx5eT2rtn7q6eTqICYqUVnKs3thJo3Qplg=
golang.org/x/net v0.0.0-20190603091049-60506f45cf65/go.mod h1:HSz+uSET+XFnRR8LxR5pz3Of3rY3CfYBVs4xY44aLks=
golang.org/x/net v0.0.0-20190620200207-3b0461eec859/go.mod h1:z5CRVTTTmAJ677TzLLGU+0bjPO0LkuOLi4/5GtJWs/s=
golang.org/x/net v0.0.0-20201110031124-69a78807bb2b/go.mod h1:sp8m0HH+o8qH0wwXwYZr8TS3Oi6o0r6Gce1SSxlDquU=
golang.org/x/net v0.0.0-20210405180319-a5a99cb37ef4/go.mod h1:p54w0d4576C0XHj96bSt6lcn1PtDYWL6XObtHCRCNQM=
golang.org/x/net v0.1.0 h1:hZ/3BUoy5aId7sCpA/Tc5lt8DkFgdVS2onTpJsZ/fl0=
golang.org/x/net v0.1.0/go.mod h1:Cx3nUiGt4eDBEyega/BKRp+/AlGL8hYe7U9odMt2Cco=
golang.org/x/oauth2 v0.0.0-20180821212333-d2e6202438be/go.mod h1:N/0e6XlmueqKjAGxoOufVs8QHGRruUQn6yWY3a++T0U=
golang.org/x/oauth2 v0.1.0 h1:isLCZuhj4v+tYv7eskaN4v/TM+A1begWWgyVJDdl1+Y=
golang.org/x/oauth2 v0.1.0/go.mod h1:G9FE4dLTsbXUu90h/Pf85g4w1D+SSAgR+q46nJZ8M4A=
golang.org/x/sync v0.0.0-20180314180146-1d60e4601c6f/go.mod h1:RxMgew5VJxzue5/jJTE5uejpjVlOe/izrB70Jof72aM=
golang.org/x/sync v0.0.0-20181108010431-42b317875d0f/go.mod h1:RxMgew5VJxzue5/jJTE5uejpjVlOe/izrB70Jof72aM=
golang.org/x/sync v0.0.0-20190423024810-112230192c58/go.mod h1:RxMgew5VJxzue5/jJTE5uejpjVlOe/izrB70Jof72aM=
golang.org/x/sync v0.0.0-20210220032951-036812b2e83c/go.mod h1:RxMgew5VJxzue5/jJTE5uejpjVlOe/izrB70Jof72aM=
golang.org/x/sync v0.1.0 h1:wsuoTGHzEhffawBOhz5CYhcrV4IdKZbEyZjBMuTp12o=
golang.org/x/sync v0.1.0/go.mod h1:RxMgew5VJxzue5/jJTE5uejpjVlOe/izrB70Jof72aM=
golang.org/x/sys v0.0.0-20180830151530-49385e6e1522/go.mod h1:STP8DvDyc/dI5b8T5hshtkjS+E42TnysNCUPdjciGhY=
golang.org/x/sys v0.0.0-20190204203706-41f3e6584952/go.mod h1:STP8DvDyc/dI5b8T5hshtkjS+E42TnysNCUPdjciGhY=
golang.org/x/sys v0.0.0-20190215142949-d0b11bdaac8a/go.mod h1:STP8DvDyc/dI5b8T5hshtkjS+E42TnysNCUPdjciGhY=
golang.org/x/sys v0.0.0-20190412213103-97732733099d/go.mod h1:h1NjWce9XRLGQEsW7wpKNCjG9DtNlClVuFLEZdDNbEs=
golang.org/x/sys v0.0.0-20200930185726-fdedc70b468f/go.mod h1:h1NjWce9XRLGQEsW7wpKNCjG9DtNlClVuFLEZdDNbEs=
golang.org/x/sys v0.0.0-20201119102817-f84b799fce68/go.mod h1:h1NjWce9XRLGQEsW7wpKNCjG9DtNlClVuFLEZdDNbEs=
golang.org/x/sys v0.0.0-20210330210617-4fbd30eecc44/go.mod h1:h1NjWce9XRLGQEsW7wpKNCjG9DtNlClVuFLEZdDNbEs=
golang.org/x/sys v0.0.0-20210510120138-977fb7262007/go.mod h1:oPkhp1MJrh7nUepCBck5+mAzfO9JrbApNNgaTdGDITg=
golang.org/x/sys v0.0.0-20210616045830-e2b7044e8c71/go.mod h1:oPkhp1MJrh7nUepCBck5+mAzfO9JrbApNNgaTdGDITg=
golang.org/x/sys v0.0.0-20210630005230-0f9fa26af87c/go.mod h1:oPkhp1MJrh7nUepCBck5+mAzfO9JrbApNNgaTdGDITg=
golang.org/x/sys v0.0.0-20210927094055-39ccf1dd6fa6/go.mod h1:oPkhp1MJrh7nUepCBck5+mAzfO9JrbApNNgaTdGDITg=
golang.org/x/sys v0.0.0-20220811171246-fbc7d0a398ab/go.mod h1:oPkhp1MJrh7nUepCBck5+mAzfO9JrbApNNgaTdGDITg=
golang.org/x/sys v0.1.0 h1:kunALQeHf1/185U1i0GOB/fy1IPRDDpuoOOqRReG57U=
golang.org/x/sys v0.1.0/go.mod h1:oPkhp1MJrh7nUepCBck5+mAzfO9JrbApNNgaTdGDITg=
golang.org/x/term v0.0.0-20201126162022-7de9c90e9dd1/go.mod h1:bj7SfCRtBDWHUb9snDiAeCFNEtKQo2Wmx5Cou7ajbmo=
golang.org/x/text v0.3.0/go.mod h1:NqM8EUOU14njkJ3fqMW+pc6Ldnwhi/IjpwHt7yyuwOQ=
golang.org/x/text v0.3.2/go.mod h1:bEr9sfX3Q8Zfm5fL9x+3itogRgK3+ptLWKqgva+5dAk=
golang.org/x/text v0.3.3/go.mod h1:5Zoc/QRtKVWzQhOtBMvqHzDpF6irO9z98xDceosuGiQ=
golang.org/x/text v0.4.0 h1:BrVqGRd7+k1DiOgtnFvAkoQEWQvBc25ouMJM6429SFg=
golang.org/x/text v0.4.0/go.mod h1:mrYo+phRRbMaCq/xk9113O4dZlRixOauAjOtrjsXDZ8=
golang.org/x/time v0.0.0-20220609170525-579cf78fd858 h1:Dpdu/EMxGMFgq0CeYMh4fazTD2vtlZRYE7wyynxJb9U=
golang.org/x/time v0.0.0-20220609170525-579cf78fd858/go.mod h1:tRJNPiyCQ0inRvYxbN9jk5I+vvW/OXSQhTDSoE431IQ=
golang.org/x/tools v0.0.0-20180917221912-90fa682c2a6e/go.mod h1:n7NCudcB/nEzxVGmLbDWY5pfWTLqBcC2KZ6jyYvM4mQ=
golang.org/x/tools v0.0.0-20190114222345-bf090417da8b/go.mod h1:n7NCudcB/nEzxVGmLbDWY5pfWTLqBcC2KZ6jyYvM4mQ=
golang.org/x/tools v0.0.0-20190226205152-f727befe758c/go.mod h1:9Yl7xja0Znq3iFh3HoIrodX9oNMXvdceNzlUR8zjMvY=
golang.org/x/tools v0.0.0-20190311212946-11955173bddd/go.mod h1:LCzVGOaR6xXOjkQ3onu1FJEFr0SW1gC7cKk1uF8kGRs=
golang.org/x/tools v0.0.0-20190524140312-2c0ae7006135/go.mod h1:RgjU9mgBXZiqYHBnxXauZ1Gv1EHHAz9KjViQ78xBX0Q=
golang.org/x/tools v0.0.0-20191119224855-298f0cb1881e/go.mod h1:b+2E5dAYhXwXZwtnZ6UAqBI28+e2cm9otk0dWdXHAEo=
golang.org/x/tools v0.1.1/go.mod h1:o0xws9oXOQQZyjljx8fwUC0k7L1pTE6eaCbjGeHmOkk=
golang.org/x/xerrors v0.0.0-20190717185122-a985d3407aa7/go.mod h1:I/5z698sn9Ka8TeJc9MKroUUfqBBauWjQqLJ2OPfmY0=
golang.org/x/xerrors v0.0.0-20191011141410-1b5146add898/go.mod h1:I/5z698sn9Ka8TeJc9MKroUUfqBBauWjQqLJ2OPfmY0=
golang.org/x/xerrors v0.0.0-20191204190536-9bdfabe68543/go.mod h1:I/5z698sn9Ka8TeJc9MKroUUfqBBauWjQqLJ2OPfmY0=
golang.org/x/xerrors v0.0.0-20200804184101-5ec99f83aff1/go.mod h1:I/5z698sn9Ka8TeJc9MKroUUfqBBauWjQqLJ2OPfmY0=
google.golang.org/api v0.102.0 h1:JxJl2qQ85fRMPNvlZY/enexbxpCjLwGhZUtgfGeQ51I=
google.golang.org/api v0.102.0/go.mod h1:3VFl6/fzoA+qNuS1N1/VfXY4LjoXN/wzeIp7TweWwGo=
google.golang.org/appengine v1.1.0/go.mod h1:EbEs0AVv82hx2wNQdGPgUI5lhzA/G0D9YwlJXL52JkM=
google.golang.org/appengine v1.4.0/go.mod h1:xpcJRLb0r/rnEns0DIKYYv+WjYCduHsrkT7/EB5XEv4=
google.golang.org/appengine v1.6.7 h1:FZR1q0exgwxzPzp/aF+VccGrSfxfPpkBqjIIEq3ru6c=
google.golang.org/appengine v1.6.7/go.mod h1:8WjMMxjGQR8xUklV/ARdw2HLXBOI7O7uCIDZVag1xfc=
google.golang.org/genproto v0.0.0-20180817151627-c66870c02cf8/go.mod h1:JiN7NxoALGmiZfu7CAH4rXhgtRTLTxftemlI0sWmxmc=
google.golang.org/genproto v0.0.0-20190819201941-24fa4b261c55/go.mod h1:DMBHOl98Agz4BDEuKkezgsaosCRResVns1a3J2ZsMNc=
google.golang.org/genproto v0.0.0-20200526211855-cb27e3aa2013/go.mod h1:NbSheEEYHJ7i3ixzK3sjbqSGDJWnxyFXZblF3eUsNvo=
google.golang.org/genproto v0.0.0-20221109142239-94d6d90a7d66 h1:wx7sJ5GRBQLRcslTNcrTklsHhHevQvxgztW18txbbZM=
google.golang.org/genproto v0.0.0-20221109142239-94d6d90a7d66/go.mod h1:rZS5c/ZVYMaOGBfO68GWtjOw/eLaZM1X6iVtgjZ+EWg=
google.golang.org/grpc v1.19.0/go.mod h1:mqu4LbDTu4XGKhr4mRzUsmM4RtVoemTSY81AxZiDr8c=
google.golang.org/grpc v1.23.0/go.mod h1:Y5yQAOtifL1yxbo5wqy6BxZv8vAUGQwXBOALyacEbxg=
google.golang.org/grpc v1.25.1/go.mod h1:c3i+UQWmh7LiEpx4sFZnkU36qjEYZ0imhYfXVyQciAY=
google.golang.org/grpc v1.27.0/go.mod h1:qbnxyOmOxrQa7FizSgH+ReBfzJrCY1pSN7KXBS8abTk=
google.golang.org/grpc v1.33.2/go.mod h1:JMHMWHQWaTccqQQlmk3MJZS+GWXOdAesneDmEnv2fbc=
google.golang.org/grpc v1.50.1 h1:DS/BukOZWp8s6p4Dt/tOaJaTQyPyOoCcrjroHuCeLzY=
google.golang.org/grpc v1.50.1/go.mod h1:ZgQEeidpAuNRZ8iRrlBKXZQP1ghovWIVhdJRyCDK+GI=
google.golang.org/protobuf v0.0.0-20200109180630-ec00e32a8dfd/go.mod h1:DFci5gLYBciE7Vtevhsrf46CRTquxDuWsQurQQe4oz8=
google.golang.org/protobuf v0.0.0-20200221191635-4d8936d0db64/go.mod h1:kwYJMbMJ01Woi6D6+Kah6886xMZcty6N08ah7+eCXa0=
google.golang.org/protobuf v0.0.0-20200228230310-ab0ca4ff8a60/go.mod h1:cfTl7dwQJ+fmap5saPgwCLgHXTUD7jkjRqWcaiX5VyM=
google.golang.org/protobuf v1.20.1-0.20200309200217-e05f789c0967/go.mod h1:A+miEFZTKqfCUM6K7xSMQL9OKL/b6hQv+e19PK+JZNE=
google.golang.org/protobuf v1.21.0/go.mod h1:47Nbq4nVaFHyn7ilMalzfO3qCViNmqZ2kzikPIcrTAo=
google.golang.org/protobuf v1.22.0/go.mod h1:EGpADcykh3NcUnDUJcl1+ZksZNG86OlYog2l/sGQquU=
google.golang.org/protobuf v1.23.0/go.mod h1:EGpADcykh3NcUnDUJcl1+ZksZNG86OlYog2l/sGQquU=
google.golang.org/protobuf v1.23.1-0.20200526195155-81db48ad09cc/go.mod h1:EGpADcykh3NcUnDUJcl1+ZksZNG86OlYog2l/sGQquU=
google.golang.org/protobuf v1.25.0/go.mod h1:9JNX74DMeImyA3h4bdi1ymwjUzf21/xIlbajtzgsN7c=
google.golang.org/protobuf v1.26.0-rc.1/go.mod h1:jlhhOSvTdKEhbULTjvd4ARK9grFBp09yW+WbY/TyQbw=
google.golang.org/protobuf v1.26.0/go.mod h1:9q0QmTI4eRPtz6boOQmLYwt+qCgq0jsYwAQnmE0givc=
google.golang.org/protobuf v1.28.1 h1:d0NfwRgPtno5B1Wa6L2DAG+KivqkdutMf1UhdNx175w=
google.golang.org/protobuf v1.28.1/go.mod h1:HV8QOd/L58Z+nl8r43ehVNZIU/HEI6OcFqwMG9pJV4I=
gopkg.in/check.v1 v0.0.0-20161208181325-20d25e280405/go.mod h1:Co6ibVJAznAaIkqp8huTwlJQCZ016jof/cbN4VW5Yz0=
gopkg.in/tomb.v1 v1.0.0-20141024135613-dd632973f1e7 h1:uRGJdciOHaEIrze2W8Q3AKkepLTh2hOroT7a+7czfdQ=
gopkg.in/yaml.v2 v2.2.2/go.mod h1:hI93XBmqTisBFMUTm0b8Fm+jr3Dg1NNxqwp+5A1VGuI=
gopkg.in/yaml.v2 v2.2.8/go.mod h1:hI93XBmqTisBFMUTm0b8Fm+jr3Dg1NNxqwp+5A1VGuI=
gopkg.in/yaml.v2 v2.4.0 h1:D8xgwECY7CYvx+Y2n4sBz93Jn9JRvxdiyyo8CTfuKaY=
gopkg.in/yaml.v3 v3.0.0-20200313102051-9f266ea9e77c/go.mod h1:K4uyk7z7BCEPqu6E+C64Yfv1cQ7kz7rIZviUmN+EgEM=
gopkg.in/yaml.v3 v3.0.1 h1:fxVm/GzAzEWqLHuvctI91KS9hhNmmWOoWu0XTYJS7CA=
honnef.co/go/tools v0.0.0-20190102054323-c2f93a96b099/go.mod h1:rf3lG4BRIbNafJWhAfAdb/ePZxsR/4RtNHQocxwk9r4=
honnef.co/go/tools v0.0.0-20190523083050-ea95bdfd59fc/go.mod h1:rf3lG4BRIbNafJWhAfAdb/ePZxsR/4RtNHQocxwk9r4=
nhooyr.io/websocket v1.8.6 h1:s+C3xAMLwGmlI31Nyn/eAehUlZPwfYZu2JXM621Q5/k=
